# THIS IS AN AUTOGENERATED FILE. DO NOT EDIT THIS FILE DIRECTLY.
# yarn lockfile v1


"@nestjs/apollo@^10.1.7":
  version "10.1.7"
  resolved "https://registry.npmjs.org/@nestjs/apollo/-/apollo-10.1.7.tgz#deb3639fdcd01f8b7c646f926b1c253e823bf290"
  integrity sha512-UQDgUgyJvrj53AcCzws6/854SVibAeyg+RGxMtb9+ENhd8snP6f7RS6mCaFY85UTAc6mo674NIUu9a/JyeYezw==
  dependencies:
    iterall "1.3.0"
    lodash.omit "4.5.0"
    tslib "2.4.1"

iterall@1.3.0:
  version "1.3.0"
  resolved "https://registry.npmjs.org/iterall/-/iterall-1.3.0.tgz#afcb08492e2915cbd8a0884eb93a8c94d0d72fea"
  integrity sha512-QZ9qOMdF+QLHxy1QIpUHUU1D5pS2CG2P69LF6L6CPjPYA/XMOmKV3PZpawHoAjHNyB0swdVTRxdYT4tbBbxqwg==

lodash.omit@4.5.0:
  version "4.5.0"
  resolved "https://registry.npmjs.org/lodash.omit/-/lodash.omit-4.5.0.tgz#6eb19ae5a1ee1dd9df0b969e66ce0b7fa30b5e60"
  integrity sha512-XeqSp49hNGmlkj2EJlfrQFIzQ6lXdNro9sddtQzcJY8QaoC2GO0DT7xaIokHeyM+mIT0mPMlPvkYzg2xCuHdZg==

tslib@2.4.1:
  version "2.4.1"
  resolved "https://registry.npmjs.org/tslib/-/tslib-2.4.1.tgz#0d0bfbaac2880b91e22df0768e55be9753a5b17e"
  integrity sha512-tGyy4dAjRIEwI7BzsB0lynWgOpfqjUdq91XXAlIWD2OwKBH7oCl/GZG/HT4BOHrTlPMOASlMQ7veyTqpmRcrNA==
